
Microsoft Visual Studio Solution File, Format Version 12.00
# Visual Studio Version 16
VisualStudioVersion = 16.0.30621.155
MinimumVisualStudioVersion = 10.0.40219.1
Project("{FAE04EC0-301F-11D3-BF4B-00C04F79EFBC}") = "ChatServer", "ChatServer\ChatServer.csproj", "{82DBC9FD-B99B-4936-A989-C0BE28BB5032}"
EndProject
Project("{FAE04EC0-301F-11D3-BF4B-00C04F79EFBC}") = "ChatClient", "..\ChatClient\ChatClient\ChatClient.csproj", "{E040D46B-A915-4295-A0F5-35D80E99C1EA}"
EndProject
Global
	GlobalSection(SolutionConfigurationPlatforms) = preSolution
		Debug|Any CPU = Debug|Any CPU
		Release|Any CPU = Release|Any CPU
	EndGlobalSection
	GlobalSection(ProjectConfigurationPlatforms) = postSolution
		{82DBC9FD-B99B-4936-A989-C0BE28BB5032}.Debug|Any CPU.ActiveCfg = Debug|Any CPU
		{82DBC9FD-B99B-4936-A989-C0BE28BB5032}.Debug|Any CPU.Build.0 = Debug|Any CPU
		{82DBC9FD-B99B-4936-A989-C0BE28BB5032}.Release|Any CPU.ActiveCfg = Release|Any CPU
		{82DBC9FD-B99B-4936-A989-C0BE28BB5032}.Release|Any CPU.Build.0 = Release|Any CPU
		{E040D46B-A915-4295-A0F5-35D80E99C1EA}.Debug|Any CPU.ActiveCfg = Debug|Any CPU
		{E040D46B-A915-4295-A0F5-35D80E99C1EA}.Debug|Any CPU.Build.0 = Debug|Any CPU
		{E040D46B-A915-4295-A0F5-35D80E99C1EA}.Release|Any CPU.ActiveCfg = Release|Any CPU
		{E040D46B-A915-4295-A0F5-35D80E99C1EA}.Release|Any CPU.Build.0 = Release|Any CPU
	EndGlobalSection
	GlobalSection(SolutionProperties) = preSolution
		HideSolutionNode = FALSE
	EndGlobalSection
	GlobalSection(ExtensibilityGlobals) = postSolution
		SolutionGuid = {45F5AE2B-B86B-442E-ACA9-0FAD00C83739}
	EndGlobalSection
EndGlobal
